// !$*UTF8*$!
{
	archiveVersion = 1;
	classes = {
	};
	objectVersion = 55;
	objects = {

/* Begin PBXBuildFile section */
		824DB361286AAC0A00BAAE4B /* DogGramApp.swift in Sources */ = {isa = PBXBuildFile; fileRef = 824DB360286AAC0A00BAAE4B /* DogGramApp.swift */; };
		824DB363286AAC0A00BAAE4B /* ContentView.swift in Sources */ = {isa = PBXBuildFile; fileRef = 824DB362286AAC0A00BAAE4B /* ContentView.swift */; };
		824DB365286AAC0B00BAAE4B /* Assets.xcassets in Resources */ = {isa = PBXBuildFile; fileRef = 824DB364286AAC0B00BAAE4B /* Assets.xcassets */; };
		824DB368286AAC0B00BAAE4B /* Preview Assets.xcassets in Resources */ = {isa = PBXBuildFile; fileRef = 824DB367286AAC0B00BAAE4B /* Preview Assets.xcassets */; };
		824DB36F286AC1D300BAAE4B /* LaunchScreen.storyboard in Resources */ = {isa = PBXBuildFile; fileRef = 824DB36E286AC1D300BAAE4B /* LaunchScreen.storyboard */; };
		824DB375286AC6EA00BAAE4B /* Extensions.swift in Sources */ = {isa = PBXBuildFile; fileRef = 824DB374286AC6EA00BAAE4B /* Extensions.swift */; };
		824DB377286AC83800BAAE4B /* FeedView.swift in Sources */ = {isa = PBXBuildFile; fileRef = 824DB376286AC83800BAAE4B /* FeedView.swift */; };
		824DB379286AC8FD00BAAE4B /* PostView.swift in Sources */ = {isa = PBXBuildFile; fileRef = 824DB378286AC8FD00BAAE4B /* PostView.swift */; };
		824DB37C286AD28000BAAE4B /* PostModel.swift in Sources */ = {isa = PBXBuildFile; fileRef = 824DB37B286AD28000BAAE4B /* PostModel.swift */; };
		824DB37E286AD7DF00BAAE4B /* PostArrayObject.swift in Sources */ = {isa = PBXBuildFile; fileRef = 824DB37D286AD7DF00BAAE4B /* PostArrayObject.swift */; };
		824DB380286ADD3300BAAE4B /* CommentsView.swift in Sources */ = {isa = PBXBuildFile; fileRef = 824DB37F286ADD3300BAAE4B /* CommentsView.swift */; };
		824DB382286AFD1100BAAE4B /* MessageView.swift in Sources */ = {isa = PBXBuildFile; fileRef = 824DB381286AFD1100BAAE4B /* MessageView.swift */; };
		824DB384286AFE8D00BAAE4B /* CommentModel.swift in Sources */ = {isa = PBXBuildFile; fileRef = 824DB383286AFE8D00BAAE4B /* CommentModel.swift */; };
		824DB386286B097900BAAE4B /* BrowseView.swift in Sources */ = {isa = PBXBuildFile; fileRef = 824DB385286B097900BAAE4B /* BrowseView.swift */; };
		824DB388286B0A3300BAAE4B /* CarouselView.swift in Sources */ = {isa = PBXBuildFile; fileRef = 824DB387286B0A3300BAAE4B /* CarouselView.swift */; };
		824DB38A286B132600BAAE4B /* ImageGridView.swift in Sources */ = {isa = PBXBuildFile; fileRef = 824DB389286B132600BAAE4B /* ImageGridView.swift */; };
		8296AC37286B499700267598 /* UploadView.swift in Sources */ = {isa = PBXBuildFile; fileRef = 8296AC36286B499700267598 /* UploadView.swift */; };
/* End PBXBuildFile section */

/* Begin PBXFileReference section */
		824DB35D286AAC0A00BAAE4B /* DogGram.app */ = {isa = PBXFileReference; explicitFileType = wrapper.application; includeInIndex = 0; path = DogGram.app; sourceTree = BUILT_PRODUCTS_DIR; };
		824DB360286AAC0A00BAAE4B /* DogGramApp.swift */ = {isa = PBXFileReference; lastKnownFileType = sourcecode.swift; path = DogGramApp.swift; sourceTree = "<group>"; };
		824DB362286AAC0A00BAAE4B /* ContentView.swift */ = {isa = PBXFileReference; lastKnownFileType = sourcecode.swift; path = ContentView.swift; sourceTree = "<group>"; };
		824DB364286AAC0B00BAAE4B /* Assets.xcassets */ = {isa = PBXFileReference; lastKnownFileType = folder.assetcatalog; path = Assets.xcassets; sourceTree = "<group>"; };
		824DB367286AAC0B00BAAE4B /* Preview Assets.xcassets */ = {isa = PBXFileReference; lastKnownFileType = folder.assetcatalog; path = "Preview Assets.xcassets"; sourceTree = "<group>"; };
		824DB36E286AC1D300BAAE4B /* LaunchScreen.storyboard */ = {isa = PBXFileReference; lastKnownFileType = file.storyboard; path = LaunchScreen.storyboard; sourceTree = "<group>"; };
		824DB374286AC6EA00BAAE4B /* Extensions.swift */ = {isa = PBXFileReference; lastKnownFileType = sourcecode.swift; path = Extensions.swift; sourceTree = "<group>"; };
		824DB376286AC83800BAAE4B /* FeedView.swift */ = {isa = PBXFileReference; lastKnownFileType = sourcecode.swift; path = FeedView.swift; sourceTree = "<group>"; };
		824DB378286AC8FD00BAAE4B /* PostView.swift */ = {isa = PBXFileReference; lastKnownFileType = sourcecode.swift; path = PostView.swift; sourceTree = "<group>"; };
		824DB37B286AD28000BAAE4B /* PostModel.swift */ = {isa = PBXFileReference; lastKnownFileType = sourcecode.swift; path = PostModel.swift; sourceTree = "<group>"; };
		824DB37D286AD7DF00BAAE4B /* PostArrayObject.swift */ = {isa = PBXFileReference; lastKnownFileType = sourcecode.swift; path = PostArrayObject.swift; sourceTree = "<group>"; };
		824DB37F286ADD3300BAAE4B /* CommentsView.swift */ = {isa = PBXFileReference; lastKnownFileType = sourcecode.swift; path = CommentsView.swift; sourceTree = "<group>"; };
		824DB381286AFD1100BAAE4B /* MessageView.swift */ = {isa = PBXFileReference; lastKnownFileType = sourcecode.swift; path = MessageView.swift; sourceTree = "<group>"; };
		824DB383286AFE8D00BAAE4B /* CommentModel.swift */ = {isa = PBXFileReference; lastKnownFileType = sourcecode.swift; path = CommentModel.swift; sourceTree = "<group>"; };
		824DB385286B097900BAAE4B /* BrowseView.swift */ = {isa = PBXFileReference; lastKnownFileType = sourcecode.swift; path = BrowseView.swift; sourceTree = "<group>"; };
		824DB387286B0A3300BAAE4B /* CarouselView.swift */ = {isa = PBXFileReference; lastKnownFileType = sourcecode.swift; path = CarouselView.swift; sourceTree = "<group>"; };
		824DB389286B132600BAAE4B /* ImageGridView.swift */ = {isa = PBXFileReference; lastKnownFileType = sourcecode.swift; name = ImageGridView.swift; path = DogGram/Views/Subviews/ImageGridView.swift; sourceTree = SOURCE_ROOT; };
		8296AC36286B499700267598 /* UploadView.swift */ = {isa = PBXFileReference; lastKnownFileType = sourcecode.swift; path = UploadView.swift; sourceTree = "<group>"; };
/* End PBXFileReference section */

/* Begin PBXFrameworksBuildPhase section */
		824DB35A286AAC0A00BAAE4B /* Frameworks */ = {
			isa = PBXFrameworksBuildPhase;
			buildActionMask = 2147483647;
			files = (
			);
			runOnlyForDeploymentPostprocessing = 0;
		};
/* End PBXFrameworksBuildPhase section */

/* Begin PBXGroup section */
		824DB354286AAC0A00BAAE4B = {
			isa = PBXGroup;
			children = (
				824DB35F286AAC0A00BAAE4B /* DogGram */,
				824DB35E286AAC0A00BAAE4B /* Products */,
			);
			sourceTree = "<group>";
		};
		824DB35E286AAC0A00BAAE4B /* Products */ = {
			isa = PBXGroup;
			children = (
				824DB35D286AAC0A00BAAE4B /* DogGram.app */,
			);
			name = Products;
			sourceTree = "<group>";
		};
		824DB35F286AAC0A00BAAE4B /* DogGram */ = {
			isa = PBXGroup;
			children = (
				824DB37A286AD26500BAAE4B /* Model */,
				824DB373286AC6CD00BAAE4B /* Helpers */,
				824DB370286AC49300BAAE4B /* Views */,
				824DB364286AAC0B00BAAE4B /* Assets.xcassets */,
				824DB366286AAC0B00BAAE4B /* Preview Content */,
				824DB36E286AC1D300BAAE4B /* LaunchScreen.storyboard */,
			);
			path = DogGram;
			sourceTree = "<group>";
		};
		824DB366286AAC0B00BAAE4B /* Preview Content */ = {
			isa = PBXGroup;
			children = (
				824DB367286AAC0B00BAAE4B /* Preview Assets.xcassets */,
			);
			path = "Preview Content";
			sourceTree = "<group>";
		};
		824DB370286AC49300BAAE4B /* Views */ = {
			isa = PBXGroup;
			children = (
				824DB372286AC4B400BAAE4B /* Subviews */,
				824DB371286AC4AC00BAAE4B /* Screens */,
			);
			path = Views;
			sourceTree = "<group>";
		};
		824DB371286AC4AC00BAAE4B /* Screens */ = {
			isa = PBXGroup;
			children = (
				824DB360286AAC0A00BAAE4B /* DogGramApp.swift */,
				824DB362286AAC0A00BAAE4B /* ContentView.swift */,
				824DB376286AC83800BAAE4B /* FeedView.swift */,
				824DB37F286ADD3300BAAE4B /* CommentsView.swift */,
				824DB385286B097900BAAE4B /* BrowseView.swift */,
				8296AC36286B499700267598 /* UploadView.swift */,
			);
			path = Screens;
			sourceTree = "<group>";
		};
		824DB372286AC4B400BAAE4B /* Subviews */ = {
			isa = PBXGroup;
			children = (
				824DB378286AC8FD00BAAE4B /* PostView.swift */,
				824DB381286AFD1100BAAE4B /* MessageView.swift */,
				824DB387286B0A3300BAAE4B /* CarouselView.swift */,
				824DB389286B132600BAAE4B /* ImageGridView.swift */,
			);
			path = Subviews;
			sourceTree = "<group>";
		};
		824DB373286AC6CD00BAAE4B /* Helpers */ = {
			isa = PBXGroup;
			children = (
				824DB374286AC6EA00BAAE4B /* Extensions.swift */,
			);
			path = Helpers;
			sourceTree = "<group>";
		};
		824DB37A286AD26500BAAE4B /* Model */ = {
			isa = PBXGroup;
			children = (
				824DB37B286AD28000BAAE4B /* PostModel.swift */,
				824DB37D286AD7DF00BAAE4B /* PostArrayObject.swift */,
				824DB383286AFE8D00BAAE4B /* CommentModel.swift */,
			);
			path = Model;
			sourceTree = "<group>";
		};
/* End PBXGroup section */

/* Begin PBXNativeTarget section */
		824DB35C286AAC0A00BAAE4B /* DogGram */ = {
			isa = PBXNativeTarget;
			buildConfigurationList = 824DB36B286AAC0B00BAAE4B /* Build configuration list for PBXNativeTarget "DogGram" */;
			buildPhases = (
				824DB359286AAC0A00BAAE4B /* Sources */,
				824DB35A286AAC0A00BAAE4B /* Frameworks */,
				824DB35B286AAC0A00BAAE4B /* Resources */,
			);
			buildRules = (
			);
			dependencies = (
			);
			name = DogGram;
			productName = DogGram;
			productReference = 824DB35D286AAC0A00BAAE4B /* DogGram.app */;
			productType = "com.apple.product-type.application";
		};
/* End PBXNativeTarget section */

/* Begin PBXProject section */
		824DB355286AAC0A00BAAE4B /* Project object */ = {
			isa = PBXProject;
			attributes = {
				BuildIndependentTargetsInParallel = 1;
				LastSwiftUpdateCheck = 1340;
				LastUpgradeCheck = 1340;
				TargetAttributes = {
					824DB35C286AAC0A00BAAE4B = {
						CreatedOnToolsVersion = 13.4.1;
					};
				};
			};
			buildConfigurationList = 824DB358286AAC0A00BAAE4B /* Build configuration list for PBXProject "DogGram" */;
			compatibilityVersion = "Xcode 13.0";
			developmentRegion = en;
			hasScannedForEncodings = 0;
			knownRegions = (
				en,
				Base,
			);
			mainGroup = 824DB354286AAC0A00BAAE4B;
			productRefGroup = 824DB35E286AAC0A00BAAE4B /* Products */;
			projectDirPath = "";
			projectRoot = "";
			targets = (
				824DB35C286AAC0A00BAAE4B /* DogGram */,
			);
		};
/* End PBXProject section */

/* Begin PBXResourcesBuildPhase section */
		824DB35B286AAC0A00BAAE4B /* Resources */ = {
			isa = PBXResourcesBuildPhase;
			buildActionMask = 2147483647;
			files = (
				824DB36F286AC1D300BAAE4B /* LaunchScreen.storyboard in Resources */,
				824DB368286AAC0B00BAAE4B /* Preview Assets.xcassets in Resources */,
				824DB365286AAC0B00BAAE4B /* Assets.xcassets in Resources */,
			);
			runOnlyForDeploymentPostprocessing = 0;
		};
/* End PBXResourcesBuildPhase section */

/* Begin PBXSourcesBuildPhase section */
		824DB359286AAC0A00BAAE4B /* Sources */ = {
			isa = PBXSourcesBuildPhase;
			buildActionMask = 2147483647;
			files = (
				824DB377286AC83800BAAE4B /* FeedView.swift in Sources */,
				824DB37C286AD28000BAAE4B /* PostModel.swift in Sources */,
				824DB363286AAC0A00BAAE4B /* ContentView.swift in Sources */,
				824DB382286AFD1100BAAE4B /* MessageView.swift in Sources */,
				824DB375286AC6EA00BAAE4B /* Extensions.swift in Sources */,
				824DB386286B097900BAAE4B /* BrowseView.swift in Sources */,
				824DB38A286B132600BAAE4B /* ImageGridView.swift in Sources */,
				824DB37E286AD7DF00BAAE4B /* PostArrayObject.swift in Sources */,
				824DB379286AC8FD00BAAE4B /* PostView.swift in Sources */,
				824DB384286AFE8D00BAAE4B /* CommentModel.swift in Sources */,
				824DB380286ADD3300BAAE4B /* CommentsView.swift in Sources */,
				8296AC37286B499700267598 /* UploadView.swift in Sources */,
				824DB388286B0A3300BAAE4B /* CarouselView.swift in Sources */,
				824DB361286AAC0A00BAAE4B /* DogGramApp.swift in Sources */,
			);
			runOnlyForDeploymentPostprocessing = 0;
		};
/* End PBXSourcesBuildPhase section */

/* Begin XCBuildConfiguration section */
		824DB369286AAC0B00BAAE4B /* Debug */ = {
			isa = XCBuildConfiguration;
			buildSettings = {
				ALWAYS_SEARCH_USER_PATHS = NO;
				CLANG_ANALYZER_NONNULL = YES;
				CLANG_ANALYZER_NUMBER_OBJECT_CONVERSION = YES_AGGRESSIVE;
				CLANG_CXX_LANGUAGE_STANDARD = "gnu++17";
				CLANG_ENABLE_MODULES = YES;
				CLANG_ENABLE_OBJC_ARC = YES;
				CLANG_ENABLE_OBJC_WEAK = YES;
				CLANG_WARN_BLOCK_CAPTURE_AUTORELEASING = YES;
				CLANG_WARN_BOOL_CONVERSION = YES;
				CLANG_WARN_COMMA = YES;
				CLANG_WARN_CONSTANT_CONVERSION = YES;
				CLANG_WARN_DEPRECATED_OBJC_IMPLEMENTATIONS = YES;
				CLANG_WARN_DIRECT_OBJC_ISA_USAGE = YES_ERROR;
				CLANG_WARN_DOCUMENTATION_COMMENTS = YES;
				CLANG_WARN_EMPTY_BODY = YES;
				CLANG_WARN_ENUM_CONVERSION = YES;
				CLANG_WARN_INFINITE_RECURSION = YES;
				CLANG_WARN_INT_CONVERSION = YES;
				CLANG_WARN_NON_LITERAL_NULL_CONVERSION = YES;
				CLANG_WARN_OBJC_IMPLICIT_RETAIN_SELF = YES;
				CLANG_WARN_OBJC_LITERAL_CONVERSION = YES;
				CLANG_WARN_OBJC_ROOT_CLASS = YES_ERROR;
				CLANG_WARN_QUOTED_INCLUDE_IN_FRAMEWORK_HEADER = YES;
				CLANG_WARN_RANGE_LOOP_ANALYSIS = YES;
				CLANG_WARN_STRICT_PROTOTYPES = YES;
				CLANG_WARN_SUSPICIOUS_MOVE = YES;
				CLANG_WARN_UNGUARDED_AVAILABILITY = YES_AGGRESSIVE;
				CLANG_WARN_UNREACHABLE_CODE = YES;
				CLANG_WARN__DUPLICATE_METHOD_MATCH = YES;
				COPY_PHASE_STRIP = NO;
				DEBUG_INFORMATION_FORMAT = dwarf;
				ENABLE_STRICT_OBJC_MSGSEND = YES;
				ENABLE_TESTABILITY = YES;
				GCC_C_LANGUAGE_STANDARD = gnu11;
				GCC_DYNAMIC_NO_PIC = NO;
				GCC_NO_COMMON_BLOCKS = YES;
				GCC_OPTIMIZATION_LEVEL = 0;
				GCC_PREPROCESSOR_DEFINITIONS = (
					"DEBUG=1",
					"$(inherited)",
				);
				GCC_WARN_64_TO_32_BIT_CONVERSION = YES;
				GCC_WARN_ABOUT_RETURN_TYPE = YES_ERROR;
				GCC_WARN_UNDECLARED_SELECTOR = YES;
				GCC_WARN_UNINITIALIZED_AUTOS = YES_AGGRESSIVE;
				GCC_WARN_UNUSED_FUNCTION = YES;
				GCC_WARN_UNUSED_VARIABLE = YES;
				IPHONEOS_DEPLOYMENT_TARGET = 15.5;
				MTL_ENABLE_DEBUG_INFO = INCLUDE_SOURCE;
				MTL_FAST_MATH = YES;
				ONLY_ACTIVE_ARCH = YES;
				SDKROOT = iphoneos;
				SWIFT_ACTIVE_COMPILATION_CONDITIONS = DEBUG;
				SWIFT_OPTIMIZATION_LEVEL = "-Onone";
			};
			name = Debug;
		};
		824DB36A286AAC0B00BAAE4B /* Release */ = {
			isa = XCBuildConfiguration;
			buildSettings = {
				ALWAYS_SEARCH_USER_PATHS = NO;
				CLANG_ANALYZER_NONNULL = YES;
				CLANG_ANALYZER_NUMBER_OBJECT_CONVERSION = YES_AGGRESSIVE;
				CLANG_CXX_LANGUAGE_STANDARD = "gnu++17";
				CLANG_ENABLE_MODULES = YES;
				CLANG_ENABLE_OBJC_ARC = YES;
				CLANG_ENABLE_OBJC_WEAK = YES;
				CLANG_WARN_BLOCK_CAPTURE_AUTORELEASING = YES;
				CLANG_WARN_BOOL_CONVERSION = YES;
				CLANG_WARN_COMMA = YES;
				CLANG_WARN_CONSTANT_CONVERSION = YES;
				CLANG_WARN_DEPRECATED_OBJC_IMPLEMENTATIONS = YES;
				CLANG_WARN_DIRECT_OBJC_ISA_USAGE = YES_ERROR;
				CLANG_WARN_DOCUMENTATION_COMMENTS = YES;
				CLANG_WARN_EMPTY_BODY = YES;
				CLANG_WARN_ENUM_CONVERSION = YES;
				CLANG_WARN_INFINITE_RECURSION = YES;
				CLANG_WARN_INT_CONVERSION = YES;
				CLANG_WARN_NON_LITERAL_NULL_CONVERSION = YES;
				CLANG_WARN_OBJC_IMPLICIT_RETAIN_SELF = YES;
				CLANG_WARN_OBJC_LITERAL_CONVERSION = YES;
				CLANG_WARN_OBJC_ROOT_CLASS = YES_ERROR;
				CLANG_WARN_QUOTED_INCLUDE_IN_FRAMEWORK_HEADER = YES;
				CLANG_WARN_RANGE_LOOP_ANALYSIS = YES;
				CLANG_WARN_STRICT_PROTOTYPES = YES;
				CLANG_WARN_SUSPICIOUS_MOVE = YES;
				CLANG_WARN_UNGUARDED_AVAILABILITY = YES_AGGRESSIVE;
				CLANG_WARN_UNREACHABLE_CODE = YES;
				CLANG_WARN__DUPLICATE_METHOD_MATCH = YES;
				COPY_PHASE_STRIP = NO;
				DEBUG_INFORMATION_FORMAT = "dwarf-with-dsym";
				ENABLE_NS_ASSERTIONS = NO;
				ENABLE_STRICT_OBJC_MSGSEND = YES;
				GCC_C_LANGUAGE_STANDARD = gnu11;
				GCC_NO_COMMON_BLOCKS = YES;
				GCC_WARN_64_TO_32_BIT_CONVERSION = YES;
				GCC_WARN_ABOUT_RETURN_TYPE = YES_ERROR;
				GCC_WARN_UNDECLARED_SELECTOR = YES;
				GCC_WARN_UNINITIALIZED_AUTOS = YES_AGGRESSIVE;
				GCC_WARN_UNUSED_FUNCTION = YES;
				GCC_WARN_UNUSED_VARIABLE = YES;
				IPHONEOS_DEPLOYMENT_TARGET = 15.5;
				MTL_ENABLE_DEBUG_INFO = NO;
				MTL_FAST_MATH = YES;
				SDKROOT = iphoneos;
				SWIFT_COMPILATION_MODE = wholemodule;
				SWIFT_OPTIMIZATION_LEVEL = "-O";
				VALIDATE_PRODUCT = YES;
			};
			name = Release;
		};
		824DB36C286AAC0B00BAAE4B /* Debug */ = {
			isa = XCBuildConfiguration;
			buildSettings = {
				ASSETCATALOG_COMPILER_APPICON_NAME = AppIcon;
				ASSETCATALOG_COMPILER_GLOBAL_ACCENT_COLOR_NAME = AccentColor;
				CODE_SIGN_STYLE = Automatic;
				CURRENT_PROJECT_VERSION = 1;
				DEVELOPMENT_ASSET_PATHS = "\"DogGram/Preview Content\"";
				DEVELOPMENT_TEAM = GQZ24SVQ96;
				ENABLE_PREVIEWS = YES;
				GENERATE_INFOPLIST_FILE = YES;
				INFOPLIST_KEY_UIApplicationSceneManifest_Generation = YES;
				INFOPLIST_KEY_UIApplicationSupportsIndirectInputEvents = YES;
				INFOPLIST_KEY_UILaunchScreen_Generation = YES;
				INFOPLIST_KEY_UILaunchStoryboardName = LaunchScreen;
				INFOPLIST_KEY_UISupportedInterfaceOrientations = UIInterfaceOrientationPortrait;
				INFOPLIST_KEY_UISupportedInterfaceOrientations_iPad = "UIInterfaceOrientationPortrait UIInterfaceOrientationPortraitUpsideDown UIInterfaceOrientationLandscapeLeft UIInterfaceOrientationLandscapeRight";
				INFOPLIST_KEY_UISupportedInterfaceOrientations_iPhone = "UIInterfaceOrientationPortrait UIInterfaceOrientationLandscapeLeft UIInterfaceOrientationLandscapeRight";
				LD_RUNPATH_SEARCH_PATHS = (
					"$(inherited)",
					"@executable_path/Frameworks",
				);
				MARKETING_VERSION = 1.0;
				PRODUCT_BUNDLE_IDENTIFIER = com.kazuhiroowada.DogGram;
				PRODUCT_NAME = "$(TARGET_NAME)";
				SWIFT_EMIT_LOC_STRINGS = YES;
				SWIFT_VERSION = 5.0;
				TARGETED_DEVICE_FAMILY = 1;
			};
			name = Debug;
		};
		824DB36D286AAC0B00BAAE4B /* Release */ = {
			isa = XCBuildConfiguration;
			buildSettings = {
				ASSETCATALOG_COMPILER_APPICON_NAME = AppIcon;
				ASSETCATALOG_COMPILER_GLOBAL_ACCENT_COLOR_NAME = AccentColor;
				CODE_SIGN_STYLE = Automatic;
				CURRENT_PROJECT_VERSION = 1;
				DEVELOPMENT_ASSET_PATHS = "\"DogGram/Preview Content\"";
				DEVELOPMENT_TEAM = GQZ24SVQ96;
				ENABLE_PREVIEWS = YES;
				GENERATE_INFOPLIST_FILE = YES;
				INFOPLIST_KEY_UIApplicationSceneManifest_Generation = YES;
				INFOPLIST_KEY_UIApplicationSupportsIndirectInputEvents = YES;
				INFOPLIST_KEY_UILaunchScreen_Generation = YES;
				INFOPLIST_KEY_UILaunchStoryboardName = LaunchScreen;
				INFOPLIST_KEY_UISupportedInterfaceOrientations = UIInterfaceOrientationPortrait;
				INFOPLIST_KEY_UISupportedInterfaceOrientations_iPad = "UIInterfaceOrientationPortrait UIInterfaceOrientationPortraitUpsideDown UIInterfaceOrientationLandscapeLeft UIInterfaceOrientationLandscapeRight";
				INFOPLIST_KEY_UISupportedInterfaceOrientations_iPhone = "UIInterfaceOrientationPortrait UIInterfaceOrientationLandscapeLeft UIInterfaceOrientationLandscapeRight";
				LD_RUNPATH_SEARCH_PATHS = (
					"$(inherited)",
					"@executable_path/Frameworks",
				);
				MARKETING_VERSION = 1.0;
				PRODUCT_BUNDLE_IDENTIFIER = com.kazuhiroowada.DogGram;
				PRODUCT_NAME = "$(TARGET_NAME)";
				SWIFT_EMIT_LOC_STRINGS = YES;
				SWIFT_VERSION = 5.0;
				TARGETED_DEVICE_FAMILY = 1;
			};
			name = Release;
		};
/* End XCBuildConfiguration section */

/* Begin XCConfigurationList section */
		824DB358286AAC0A00BAAE4B /* Build configuration list for PBXProject "DogGram" */ = {
			isa = XCConfigurationList;
			buildConfigurations = (
				824DB369286AAC0B00BAAE4B /* Debug */,
				824DB36A286AAC0B00BAAE4B /* Release */,
			);
			defaultConfigurationIsVisible = 0;
			defaultConfigurationName = Release;
		};
		824DB36B286AAC0B00BAAE4B /* Build configuration list for PBXNativeTarget "DogGram" */ = {
			isa = XCConfigurationList;
			buildConfigurations = (
				824DB36C286AAC0B00BAAE4B /* Debug */,
				824DB36D286AAC0B00BAAE4B /* Release */,
			);
			defaultConfigurationIsVisible = 0;
			defaultConfigurationName = Release;
		};
/* End XCConfigurationList section */
	};
	rootObject = 824DB355286AAC0A00BAAE4B /* Project object */;
}
